
Microsoft Visual Studio Solution File, Format Version 12.00
# Visual Studio 15
VisualStudioVersion = 15.0.28307.421
MinimumVisualStudioVersion = 10.0.40219.1
Project("{FAE04EC0-301F-11D3-BF4B-00C04F79EFBC}") = "ShoesShop", "ShoesShop\ShoesShop.csproj", "{B9AD98BA-A103-42D0-BBDF-C404A9B30712}"
EndProject
Global
	GlobalSection(SolutionConfigurationPlatforms) = preSolution
		Debug|Any CPU = Debug|Any CPU
		Release|Any CPU = Release|Any CPU
	EndGlobalSection
	GlobalSection(ProjectConfigurationPlatforms) = postSolution
		{B9AD98BA-A103-42D0-BBDF-C404A9B30712}.Debug|Any CPU.ActiveCfg = Debug|Any CPU
		{B9AD98BA-A103-42D0-BBDF-C404A9B30712}.Debug|Any CPU.Build.0 = Debug|Any CPU
		{B9AD98BA-A103-42D0-BBDF-C404A9B30712}.Release|Any CPU.ActiveCfg = Release|Any CPU
		{B9AD98BA-A103-42D0-BBDF-C404A9B30712}.Release|Any CPU.Build.0 = Release|Any CPU
	EndGlobalSection
	GlobalSection(SolutionProperties) = preSolution
		HideSolutionNode = FALSE
	EndGlobalSection
	GlobalSection(ExtensibilityGlobals) = postSolution
		SolutionGuid = {CE554932-E69A-41A5-9910-50AA22F02F2C}
	EndGlobalSection
EndGlobal
